
Microsoft Visual Studio Solution File, Format Version 12.00
# Visual Studio 14
VisualStudioVersion = 14.0.25420.1
MinimumVisualStudioVersion = 10.0.40219.1
Project("{FAE04EC0-301F-11D3-BF4B-00C04F79EFBC}") = "BankaOtomasyon_v1", "BankaOtomasyon_v1\BankaOtomasyon_v1.csproj", "{0D7B73EE-CC0E-44A0-B54D-21D879F56DBE}"
EndProject
Global
	GlobalSection(SolutionConfigurationPlatforms) = preSolution
		Debug|Any CPU = Debug|Any CPU
		Release|Any CPU = Release|Any CPU
	EndGlobalSection
	GlobalSection(ProjectConfigurationPlatforms) = postSolution
		{0D7B73EE-CC0E-44A0-B54D-21D879F56DBE}.Debug|Any CPU.ActiveCfg = Debug|Any CPU
		{0D7B73EE-CC0E-44A0-B54D-21D879F56DBE}.Debug|Any CPU.Build.0 = Debug|Any CPU
		{0D7B73EE-CC0E-44A0-B54D-21D879F56DBE}.Debug|Any CPU.Deploy.0 = Debug|Any CPU
		{0D7B73EE-CC0E-44A0-B54D-21D879F56DBE}.Release|Any CPU.ActiveCfg = Release|Any CPU
		{0D7B73EE-CC0E-44A0-B54D-21D879F56DBE}.Release|Any CPU.Build.0 = Release|Any CPU
	EndGlobalSection
	GlobalSection(SolutionProperties) = preSolution
		HideSolutionNode = FALSE
	EndGlobalSection
	GlobalSection(ExtensibilityGlobals) = postSolution
		SolutionGuid = {97554165-D772-4FBD-918D-072D176CECA1}
	EndGlobalSection
EndGlobal
